{
  "name": "vue3-lang-js",
  "version": "1.0.0",
  "lockfileVersion": 1,
  "requires": true,
  "dependencies": {
    "lang.js": {
      "version": "1.1.14",
      "resolved": "https://registry.npmjs.org/lang.js/-/lang.js-1.1.14.tgz",
      "integrity": "sha512-HsNKw3b7tYHwDQux3lQtbLGAntwJ5fl8Pl1BPXTKu+gdpaZsK9d787yFmLi6/LSXeNSgPO1CjZDKkrrPsERbSw=="
    }
  }
}
